
Microsoft Visual Studio Solution File, Format Version 12.00
# Visual Studio Version 17
VisualStudioVersion = 17.10.35027.167
MinimumVisualStudioVersion = 10.0.40219.1
Project("{9A19103F-16F7-4668-BE54-9A1E7A4F7556}") = "LMS.API", "LMS.API\LMS.API.csproj", "{35E86476-9641-4DB7-8466-24082B343C2A}"
EndProject
Project("{2150E333-8FDC-42A3-9474-1A3956D46DE8}") = "src", "src", "{662FAAD7-597B-4983-9DE7-54EBBA2F96CE}"
EndProject
Project("{2150E333-8FDC-42A3-9474-1A3956D46DE8}") = "API", "API", "{884B1416-7FC0-487E-8D7E-B7869F1B04C0}"
EndProject
Project("{2150E333-8FDC-42A3-9474-1A3956D46DE8}") = "Core", "Core", "{CB6B4E2F-62DE-44CC-B482-6A9589389C6E}"
EndProject
Project("{2150E333-8FDC-42A3-9474-1A3956D46DE8}") = "Infrastructure", "Infrastructure", "{0B5FA1A9-0DC4-4781-8AFC-71C85EAAEEB7}"
EndProject
Project("{9A19103F-16F7-4668-BE54-9A1E7A4F7556}") = "LMS.Models", "LMS.Models\LMS.Models.csproj", "{F306C6B1-4955-4CFD-B69B-F008DF9F14B2}"
EndProject
Project("{9A19103F-16F7-4668-BE54-9A1E7A4F7556}") = "LMS.Persistance", "LMS.Persistance\LMS.Persistance.csproj", "{E3733809-A033-46B2-B447-4EBB99B4CD9D}"
EndProject
Project("{9A19103F-16F7-4668-BE54-9A1E7A4F7556}") = "LMS.Presentation", "LMS.Presentation\LMS.Presentation.csproj", "{0B748389-538F-42BE-9AB8-2A1AFC68AFA5}"
EndProject
Project("{9A19103F-16F7-4668-BE54-9A1E7A4F7556}") = "LMS.Service.Contracts", "LMS.Service.Contracts\LMS.Service.Contracts.csproj", "{F48687B5-3371-451C-8899-05A3A876CDAA}"
EndProject
Project("{9A19103F-16F7-4668-BE54-9A1E7A4F7556}") = "LMS.Service", "LMS.Service\LMS.Service.csproj", "{169082BE-6EC6-46D9-A9B8-09D469789695}"
EndProject
Project("{FAE04EC0-301F-11D3-BF4B-00C04F79EFBC}") = "LMS.Repository", "LMS.Repository\LMS.Repository.csproj", "{C14760AF-28A4-40DD-A426-3986F4CD38D1}"
EndProject
Project("{FAE04EC0-301F-11D3-BF4B-00C04F79EFBC}") = "LMS.Contracts", "LMS.Contracts\LMS.Contracts.csproj", "{D8DED297-1B54-41D8-AA9B-01C2A8373CD8}"
EndProject
Global
	GlobalSection(SolutionConfigurationPlatforms) = preSolution
		Debug|Any CPU = Debug|Any CPU
		Release|Any CPU = Release|Any CPU
	EndGlobalSection
	GlobalSection(ProjectConfigurationPlatforms) = postSolution
		{35E86476-9641-4DB7-8466-24082B343C2A}.Debug|Any CPU.ActiveCfg = Debug|Any CPU
		{35E86476-9641-4DB7-8466-24082B343C2A}.Debug|Any CPU.Build.0 = Debug|Any CPU
		{35E86476-9641-4DB7-8466-24082B343C2A}.Release|Any CPU.ActiveCfg = Release|Any CPU
		{35E86476-9641-4DB7-8466-24082B343C2A}.Release|Any CPU.Build.0 = Release|Any CPU
		{F306C6B1-4955-4CFD-B69B-F008DF9F14B2}.Debug|Any CPU.ActiveCfg = Debug|Any CPU
		{F306C6B1-4955-4CFD-B69B-F008DF9F14B2}.Debug|Any CPU.Build.0 = Debug|Any CPU
		{F306C6B1-4955-4CFD-B69B-F008DF9F14B2}.Release|Any CPU.ActiveCfg = Release|Any CPU
		{F306C6B1-4955-4CFD-B69B-F008DF9F14B2}.Release|Any CPU.Build.0 = Release|Any CPU
		{E3733809-A033-46B2-B447-4EBB99B4CD9D}.Debug|Any CPU.ActiveCfg = Debug|Any CPU
		{E3733809-A033-46B2-B447-4EBB99B4CD9D}.Debug|Any CPU.Build.0 = Debug|Any CPU
		{E3733809-A033-46B2-B447-4EBB99B4CD9D}.Release|Any CPU.ActiveCfg = Release|Any CPU
		{E3733809-A033-46B2-B447-4EBB99B4CD9D}.Release|Any CPU.Build.0 = Release|Any CPU
		{0B748389-538F-42BE-9AB8-2A1AFC68AFA5}.Debug|Any CPU.ActiveCfg = Debug|Any CPU
		{0B748389-538F-42BE-9AB8-2A1AFC68AFA5}.Debug|Any CPU.Build.0 = Debug|Any CPU
		{0B748389-538F-42BE-9AB8-2A1AFC68AFA5}.Release|Any CPU.ActiveCfg = Release|Any CPU
		{0B748389-538F-42BE-9AB8-2A1AFC68AFA5}.Release|Any CPU.Build.0 = Release|Any CPU
		{F48687B5-3371-451C-8899-05A3A876CDAA}.Debug|Any CPU.ActiveCfg = Debug|Any CPU
		{F48687B5-3371-451C-8899-05A3A876CDAA}.Debug|Any CPU.Build.0 = Debug|Any CPU
		{F48687B5-3371-451C-8899-05A3A876CDAA}.Release|Any CPU.ActiveCfg = Release|Any CPU
		{F48687B5-3371-451C-8899-05A3A876CDAA}.Release|Any CPU.Build.0 = Release|Any CPU
		{169082BE-6EC6-46D9-A9B8-09D469789695}.Debug|Any CPU.ActiveCfg = Debug|Any CPU
		{169082BE-6EC6-46D9-A9B8-09D469789695}.Debug|Any CPU.Build.0 = Debug|Any CPU
		{169082BE-6EC6-46D9-A9B8-09D469789695}.Release|Any CPU.ActiveCfg = Release|Any CPU
		{169082BE-6EC6-46D9-A9B8-09D469789695}.Release|Any CPU.Build.0 = Release|Any CPU
		{C14760AF-28A4-40DD-A426-3986F4CD38D1}.Debug|Any CPU.ActiveCfg = Debug|Any CPU
		{C14760AF-28A4-40DD-A426-3986F4CD38D1}.Debug|Any CPU.Build.0 = Debug|Any CPU
		{C14760AF-28A4-40DD-A426-3986F4CD38D1}.Release|Any CPU.ActiveCfg = Release|Any CPU
		{C14760AF-28A4-40DD-A426-3986F4CD38D1}.Release|Any CPU.Build.0 = Release|Any CPU
		{D8DED297-1B54-41D8-AA9B-01C2A8373CD8}.Debug|Any CPU.ActiveCfg = Debug|Any CPU
		{D8DED297-1B54-41D8-AA9B-01C2A8373CD8}.Debug|Any CPU.Build.0 = Debug|Any CPU
		{D8DED297-1B54-41D8-AA9B-01C2A8373CD8}.Release|Any CPU.ActiveCfg = Release|Any CPU
		{D8DED297-1B54-41D8-AA9B-01C2A8373CD8}.Release|Any CPU.Build.0 = Release|Any CPU
	EndGlobalSection
	GlobalSection(SolutionProperties) = preSolution
		HideSolutionNode = FALSE
	EndGlobalSection
	GlobalSection(NestedProjects) = preSolution
		{35E86476-9641-4DB7-8466-24082B343C2A} = {884B1416-7FC0-487E-8D7E-B7869F1B04C0}
		{884B1416-7FC0-487E-8D7E-B7869F1B04C0} = {662FAAD7-597B-4983-9DE7-54EBBA2F96CE}
		{CB6B4E2F-62DE-44CC-B482-6A9589389C6E} = {662FAAD7-597B-4983-9DE7-54EBBA2F96CE}
		{0B5FA1A9-0DC4-4781-8AFC-71C85EAAEEB7} = {662FAAD7-597B-4983-9DE7-54EBBA2F96CE}
		{F306C6B1-4955-4CFD-B69B-F008DF9F14B2} = {CB6B4E2F-62DE-44CC-B482-6A9589389C6E}
		{E3733809-A033-46B2-B447-4EBB99B4CD9D} = {0B5FA1A9-0DC4-4781-8AFC-71C85EAAEEB7}
		{0B748389-538F-42BE-9AB8-2A1AFC68AFA5} = {884B1416-7FC0-487E-8D7E-B7869F1B04C0}
		{F48687B5-3371-451C-8899-05A3A876CDAA} = {0B5FA1A9-0DC4-4781-8AFC-71C85EAAEEB7}
		{169082BE-6EC6-46D9-A9B8-09D469789695} = {0B5FA1A9-0DC4-4781-8AFC-71C85EAAEEB7}
		{C14760AF-28A4-40DD-A426-3986F4CD38D1} = {0B5FA1A9-0DC4-4781-8AFC-71C85EAAEEB7}
		{D8DED297-1B54-41D8-AA9B-01C2A8373CD8} = {CB6B4E2F-62DE-44CC-B482-6A9589389C6E}
	EndGlobalSection
	GlobalSection(ExtensibilityGlobals) = postSolution
		SolutionGuid = {E543C500-07AD-4E37-B262-060E683BE632}
	EndGlobalSection
EndGlobal
